
Microsoft Visual Studio Solution File, Format Version 12.00
# Visual Studio 15
VisualStudioVersion = 15.0.28307.1758
MinimumVisualStudioVersion = 10.0.40219.1
Project("{8BC9CEB8-8B4A-11D0-8D11-00A0C91BC942}") = "Cuda_function", "Cuda_function\Cuda_function.vcxproj", "{34EAFDC4-5D0D-4D89-9A6C-9D96AADAEEAC}"
EndProject
Global
	GlobalSection(SolutionConfigurationPlatforms) = preSolution
		Debug|x64 = Debug|x64
		Release|x64 = Release|x64
	EndGlobalSection
	GlobalSection(ProjectConfigurationPlatforms) = postSolution
		{34EAFDC4-5D0D-4D89-9A6C-9D96AADAEEAC}.Debug|x64.ActiveCfg = Debug|x64
		{34EAFDC4-5D0D-4D89-9A6C-9D96AADAEEAC}.Debug|x64.Build.0 = Debug|x64
		{34EAFDC4-5D0D-4D89-9A6C-9D96AADAEEAC}.Release|x64.ActiveCfg = Release|x64
		{34EAFDC4-5D0D-4D89-9A6C-9D96AADAEEAC}.Release|x64.Build.0 = Release|x64
	EndGlobalSection
	GlobalSection(SolutionProperties) = preSolution
		HideSolutionNode = FALSE
	EndGlobalSection
	GlobalSection(ExtensibilityGlobals) = postSolution
		SolutionGuid = {E267D674-240F-47F7-B7EF-07485901EEA9}
	EndGlobalSection
EndGlobal
